
Microsoft Visual Studio Solution File, Format Version 11.00
# Visual Studio 2010
Project("{FAE04EC0-301F-11D3-BF4B-00C04F79EFBC}") = "TransferPayment", "TransferPayment\TransferPayment.csproj", "{6A8D4A66-09CC-4BC8-A149-C8B2281EECBA}"
EndProject
Project("{FAE04EC0-301F-11D3-BF4B-00C04F79EFBC}") = "PayablesData", "PayablesData\PayablesData.csproj", "{E319AA95-B515-4A67-AD30-3C62BAC638E8}"
EndProject
Global
	GlobalSection(SolutionConfigurationPlatforms) = preSolution
		Debug|Any CPU = Debug|Any CPU
		Release|Any CPU = Release|Any CPU
	EndGlobalSection
	GlobalSection(ProjectConfigurationPlatforms) = postSolution
		{6A8D4A66-09CC-4BC8-A149-C8B2281EECBA}.Debug|Any CPU.ActiveCfg = Debug|Any CPU
		{6A8D4A66-09CC-4BC8-A149-C8B2281EECBA}.Debug|Any CPU.Build.0 = Debug|Any CPU
		{6A8D4A66-09CC-4BC8-A149-C8B2281EECBA}.Release|Any CPU.ActiveCfg = Release|Any CPU
		{6A8D4A66-09CC-4BC8-A149-C8B2281EECBA}.Release|Any CPU.Build.0 = Release|Any CPU
		{E319AA95-B515-4A67-AD30-3C62BAC638E8}.Debug|Any CPU.ActiveCfg = Debug|Any CPU
		{E319AA95-B515-4A67-AD30-3C62BAC638E8}.Debug|Any CPU.Build.0 = Debug|Any CPU
		{E319AA95-B515-4A67-AD30-3C62BAC638E8}.Release|Any CPU.ActiveCfg = Release|Any CPU
		{E319AA95-B515-4A67-AD30-3C62BAC638E8}.Release|Any CPU.Build.0 = Release|Any CPU
	EndGlobalSection
	GlobalSection(SolutionProperties) = preSolution
		HideSolutionNode = FALSE
	EndGlobalSection
EndGlobal
